
Microsoft Visual Studio Solution File, Format Version 12.00
# Visual Studio Version 17
VisualStudioVersion = 17.5.33424.131
MinimumVisualStudioVersion = 10.0.40219.1
Project("{FAE04EC0-301F-11D3-BF4B-00C04F79EFBC}") = "Odev_3_Ozge_Ozyurt", "Odev_3_Ozge_Ozyurt\Odev_3_Ozge_Ozyurt.csproj", "{4FEB9908-CF73-4073-9982-9178778BA2CA}"
EndProject
Global
	GlobalSection(SolutionConfigurationPlatforms) = preSolution
		Debug|Any CPU = Debug|Any CPU
		Release|Any CPU = Release|Any CPU
	EndGlobalSection
	GlobalSection(ProjectConfigurationPlatforms) = postSolution
		{4FEB9908-CF73-4073-9982-9178778BA2CA}.Debug|Any CPU.ActiveCfg = Debug|Any CPU
		{4FEB9908-CF73-4073-9982-9178778BA2CA}.Debug|Any CPU.Build.0 = Debug|Any CPU
		{4FEB9908-CF73-4073-9982-9178778BA2CA}.Release|Any CPU.ActiveCfg = Release|Any CPU
		{4FEB9908-CF73-4073-9982-9178778BA2CA}.Release|Any CPU.Build.0 = Release|Any CPU
	EndGlobalSection
	GlobalSection(SolutionProperties) = preSolution
		HideSolutionNode = FALSE
	EndGlobalSection
	GlobalSection(ExtensibilityGlobals) = postSolution
		SolutionGuid = {ED6CFD98-73CF-4F65-B00A-DA4F1E5148CF}
	EndGlobalSection
EndGlobal
